
Microsoft Visual Studio Solution File, Format Version 12.00
# Visual Studio Version 16
VisualStudioVersion = 16.0.31410.357
MinimumVisualStudioVersion = 10.0.40219.1
Project("{9A19103F-16F7-4668-BE54-9A1E7A4F7556}") = "WebAPI", "WebAPI\WebAPI.csproj", "{E28242FD-8FC7-40BE-82F2-A2D48DA11287}"
EndProject
Project("{2150E333-8FDC-42A3-9474-1A3956D46DE8}") = "0 - Presentation", "0 - Presentation", "{FD142181-1307-4AC5-9A7B-BC7EE90AC087}"
EndProject
Project("{2150E333-8FDC-42A3-9474-1A3956D46DE8}") = "1 - Services", "1 - Services", "{955FB7FE-3FFC-456F-AC83-10F8CEAD63EF}"
EndProject
Project("{2150E333-8FDC-42A3-9474-1A3956D46DE8}") = "2 - Application", "2 - Application", "{5F7404A6-BF11-48E6-82ED-78B19ECBCF00}"
EndProject
Project("{2150E333-8FDC-42A3-9474-1A3956D46DE8}") = "3 - Domain", "3 - Domain", "{C7B5A868-6378-423B-862A-7A0B110BF4AC}"
EndProject
Project("{2150E333-8FDC-42A3-9474-1A3956D46DE8}") = "4 - Infra", "4 - Infra", "{36734929-9F5C-41DA-9239-8AD756FC597E}"
EndProject
Project("{2150E333-8FDC-42A3-9474-1A3956D46DE8}") = "4.1 - Data", "4.1 - Data", "{45F18815-2FB2-4E94-B5EB-2AAEEA47688D}"
EndProject
Project("{9A19103F-16F7-4668-BE54-9A1E7A4F7556}") = "Project.Domain", "Project.Domain\Project.Domain.csproj", "{02E05E18-A0B6-4C15-A923-8DD4985465C2}"
EndProject
Project("{9A19103F-16F7-4668-BE54-9A1E7A4F7556}") = "Project.Infra.Data", "Project.Infra.Data\Project.Infra.Data.csproj", "{1EBA2C34-FFE7-4667-91BC-1ADB88C5A0BC}"
EndProject
Project("{9A19103F-16F7-4668-BE54-9A1E7A4F7556}") = "WebUI", "WebUI\WebUI.csproj", "{046D26FC-D99B-4513-98B2-858CD2ADE463}"
EndProject
Global
	GlobalSection(SolutionConfigurationPlatforms) = preSolution
		Debug|Any CPU = Debug|Any CPU
		Release|Any CPU = Release|Any CPU
	EndGlobalSection
	GlobalSection(ProjectConfigurationPlatforms) = postSolution
		{E28242FD-8FC7-40BE-82F2-A2D48DA11287}.Debug|Any CPU.ActiveCfg = Debug|Any CPU
		{E28242FD-8FC7-40BE-82F2-A2D48DA11287}.Debug|Any CPU.Build.0 = Debug|Any CPU
		{E28242FD-8FC7-40BE-82F2-A2D48DA11287}.Release|Any CPU.ActiveCfg = Release|Any CPU
		{E28242FD-8FC7-40BE-82F2-A2D48DA11287}.Release|Any CPU.Build.0 = Release|Any CPU
		{02E05E18-A0B6-4C15-A923-8DD4985465C2}.Debug|Any CPU.ActiveCfg = Debug|Any CPU
		{02E05E18-A0B6-4C15-A923-8DD4985465C2}.Debug|Any CPU.Build.0 = Debug|Any CPU
		{02E05E18-A0B6-4C15-A923-8DD4985465C2}.Release|Any CPU.ActiveCfg = Release|Any CPU
		{02E05E18-A0B6-4C15-A923-8DD4985465C2}.Release|Any CPU.Build.0 = Release|Any CPU
		{1EBA2C34-FFE7-4667-91BC-1ADB88C5A0BC}.Debug|Any CPU.ActiveCfg = Debug|Any CPU
		{1EBA2C34-FFE7-4667-91BC-1ADB88C5A0BC}.Debug|Any CPU.Build.0 = Debug|Any CPU
		{1EBA2C34-FFE7-4667-91BC-1ADB88C5A0BC}.Release|Any CPU.ActiveCfg = Release|Any CPU
		{1EBA2C34-FFE7-4667-91BC-1ADB88C5A0BC}.Release|Any CPU.Build.0 = Release|Any CPU
		{046D26FC-D99B-4513-98B2-858CD2ADE463}.Debug|Any CPU.ActiveCfg = Debug|Any CPU
		{046D26FC-D99B-4513-98B2-858CD2ADE463}.Debug|Any CPU.Build.0 = Debug|Any CPU
		{046D26FC-D99B-4513-98B2-858CD2ADE463}.Release|Any CPU.ActiveCfg = Release|Any CPU
		{046D26FC-D99B-4513-98B2-858CD2ADE463}.Release|Any CPU.Build.0 = Release|Any CPU
	EndGlobalSection
	GlobalSection(SolutionProperties) = preSolution
		HideSolutionNode = FALSE
	EndGlobalSection
	GlobalSection(NestedProjects) = preSolution
		{E28242FD-8FC7-40BE-82F2-A2D48DA11287} = {955FB7FE-3FFC-456F-AC83-10F8CEAD63EF}
		{45F18815-2FB2-4E94-B5EB-2AAEEA47688D} = {36734929-9F5C-41DA-9239-8AD756FC597E}
		{02E05E18-A0B6-4C15-A923-8DD4985465C2} = {C7B5A868-6378-423B-862A-7A0B110BF4AC}
		{1EBA2C34-FFE7-4667-91BC-1ADB88C5A0BC} = {45F18815-2FB2-4E94-B5EB-2AAEEA47688D}
		{046D26FC-D99B-4513-98B2-858CD2ADE463} = {FD142181-1307-4AC5-9A7B-BC7EE90AC087}
	EndGlobalSection
	GlobalSection(ExtensibilityGlobals) = postSolution
		SolutionGuid = {C64C42B5-9526-43F6-9C25-6BEE62278624}
	EndGlobalSection
EndGlobal
